// !$*UTF8*$!
{
	archiveVersion = 1;
	classes = {
	};
	objectVersion = 50;
	objects = {

/* Begin PBXBuildFile section */
		38DF430921BB15EC00A57638 /* AppDelegate.swift in Sources */ = {isa = PBXBuildFile; fileRef = 38DF430821BB15EC00A57638 /* AppDelegate.swift */; };
		38DF430B21BB15EC00A57638 /* ViewController.swift in Sources */ = {isa = PBXBuildFile; fileRef = 38DF430A21BB15EC00A57638 /* ViewController.swift */; };
		38DF430E21BB15EC00A57638 /* Main.storyboard in Resources */ = {isa = PBXBuildFile; fileRef = 38DF430C21BB15EC00A57638 /* Main.storyboard */; };
		38DF431021BB15EE00A57638 /* Assets.xcassets in Resources */ = {isa = PBXBuildFile; fileRef = 38DF430F21BB15EE00A57638 /* Assets.xcassets */; };
		38DF431321BB15EE00A57638 /* LaunchScreen.storyboard in Resources */ = {isa = PBXBuildFile; fileRef = 38DF431121BB15EE00A57638 /* LaunchScreen.storyboard */; };
		B6A1AF87A410307976FF2CB6 /* Pods_AudioKit_Basics_Tutorial.framework in Frameworks */ = {isa = PBXBuildFile; fileRef = B5AED95D4E8245C2A6C89872 /* Pods_AudioKit_Basics_Tutorial.framework */; };
/* End PBXBuildFile section */

/* Begin PBXFileReference section */
		38DF430521BB15EC00A57638 /* AudioKit-Basics-Tutorial.app */ = {isa = PBXFileReference; explicitFileType = wrapper.application; includeInIndex = 0; path = "AudioKit-Basics-Tutorial.app"; sourceTree = BUILT_PRODUCTS_DIR; };
		38DF430821BB15EC00A57638 /* AppDelegate.swift */ = {isa = PBXFileReference; lastKnownFileType = sourcecode.swift; path = AppDelegate.swift; sourceTree = "<group>"; };
		38DF430A21BB15EC00A57638 /* ViewController.swift */ = {isa = PBXFileReference; lastKnownFileType = sourcecode.swift; path = ViewController.swift; sourceTree = "<group>"; };
		38DF430D21BB15EC00A57638 /* Base */ = {isa = PBXFileReference; lastKnownFileType = file.storyboard; name = Base; path = Base.lproj/Main.storyboard; sourceTree = "<group>"; };
		38DF430F21BB15EE00A57638 /* Assets.xcassets */ = {isa = PBXFileReference; lastKnownFileType = folder.assetcatalog; path = Assets.xcassets; sourceTree = "<group>"; };
		38DF431221BB15EE00A57638 /* Base */ = {isa = PBXFileReference; lastKnownFileType = file.storyboard; name = Base; path = Base.lproj/LaunchScreen.storyboard; sourceTree = "<group>"; };
		38DF431421BB15EE00A57638 /* Info.plist */ = {isa = PBXFileReference; lastKnownFileType = text.plist.xml; path = Info.plist; sourceTree = "<group>"; };
		B5AED95D4E8245C2A6C89872 /* Pods_AudioKit_Basics_Tutorial.framework */ = {isa = PBXFileReference; explicitFileType = wrapper.framework; includeInIndex = 0; path = Pods_AudioKit_Basics_Tutorial.framework; sourceTree = BUILT_PRODUCTS_DIR; };
		CB81C377C96698C2B2BB4BA3 /* Pods-AudioKit-Basics-Tutorial.debug.xcconfig */ = {isa = PBXFileReference; includeInIndex = 1; lastKnownFileType = text.xcconfig; name = "Pods-AudioKit-Basics-Tutorial.debug.xcconfig"; path = "Pods/Target Support Files/Pods-AudioKit-Basics-Tutorial/Pods-AudioKit-Basics-Tutorial.debug.xcconfig"; sourceTree = "<group>"; };
		FCE2C1CC1669D4E7D44DEA66 /* Pods-AudioKit-Basics-Tutorial.release.xcconfig */ = {isa = PBXFileReference; includeInIndex = 1; lastKnownFileType = text.xcconfig; name = "Pods-AudioKit-Basics-Tutorial.release.xcconfig"; path = "Pods/Target Support Files/Pods-AudioKit-Basics-Tutorial/Pods-AudioKit-Basics-Tutorial.release.xcconfig"; sourceTree = "<group>"; };
/* End PBXFileReference section */

/* Begin PBXFrameworksBuildPhase section */
		38DF430221BB15EC00A57638 /* Frameworks */ = {
			isa = PBXFrameworksBuildPhase;
			buildActionMask = 2147483647;
			files = (
				B6A1AF87A410307976FF2CB6 /* Pods_AudioKit_Basics_Tutorial.framework in Frameworks */,
			);
			runOnlyForDeploymentPostprocessing = 0;
		};
/* End PBXFrameworksBuildPhase section */

/* Begin PBXGroup section */
		1B4987A3275664249B11DBB7 /* Pods */ = {
			isa = PBXGroup;
			children = (
				CB81C377C96698C2B2BB4BA3 /* Pods-AudioKit-Basics-Tutorial.debug.xcconfig */,
				FCE2C1CC1669D4E7D44DEA66 /* Pods-AudioKit-Basics-Tutorial.release.xcconfig */,
			);
			name = Pods;
			sourceTree = "<group>";
		};
		38DF42FC21BB15EC00A57638 = {
			isa = PBXGroup;
			children = (
				38DF430721BB15EC00A57638 /* AudioKit-Basics-Tutorial */,
				38DF430621BB15EC00A57638 /* Products */,
				1B4987A3275664249B11DBB7 /* Pods */,
				5B1AA025211DBC7278736C3B /* Frameworks */,
			);
			sourceTree = "<group>";
		};
		38DF430621BB15EC00A57638 /* Products */ = {
			isa = PBXGroup;
			children = (
				38DF430521BB15EC00A57638 /* AudioKit-Basics-Tutorial.app */,
			);
			name = Products;
			sourceTree = "<group>";
		};
		38DF430721BB15EC00A57638 /* AudioKit-Basics-Tutorial */ = {
			isa = PBXGroup;
			children = (
				38DF430821BB15EC00A57638 /* AppDelegate.swift */,
				38DF430A21BB15EC00A57638 /* ViewController.swift */,
				38DF430C21BB15EC00A57638 /* Main.storyboard */,
				38DF430F21BB15EE00A57638 /* Assets.xcassets */,
				38DF431121BB15EE00A57638 /* LaunchScreen.storyboard */,
				38DF431421BB15EE00A57638 /* Info.plist */,
			);
			path = "AudioKit-Basics-Tutorial";
			sourceTree = "<group>";
		};
		5B1AA025211DBC7278736C3B /* Frameworks */ = {
			isa = PBXGroup;
			children = (
				B5AED95D4E8245C2A6C89872 /* Pods_AudioKit_Basics_Tutorial.framework */,
			);
			name = Frameworks;
			sourceTree = "<group>";
		};
/* End PBXGroup section */

/* Begin PBXNativeTarget section */
		38DF430421BB15EC00A57638 /* AudioKit-Basics-Tutorial */ = {
			isa = PBXNativeTarget;
			buildConfigurationList = 38DF431721BB15EE00A57638 /* Build configuration list for PBXNativeTarget "AudioKit-Basics-Tutorial" */;
			buildPhases = (
				0CD138408F121FDCE732CFE3 /* [CP] Check Pods Manifest.lock */,
				38DF430121BB15EC00A57638 /* Sources */,
				38DF430221BB15EC00A57638 /* Frameworks */,
				38DF430321BB15EC00A57638 /* Resources */,
			);
			buildRules = (
			);
			dependencies = (
			);
			name = "AudioKit-Basics-Tutorial";
			productName = "AudioKit-Basics-Tutorial";
			productReference = 38DF430521BB15EC00A57638 /* AudioKit-Basics-Tutorial.app */;
			productType = "com.apple.product-type.application";
		};
/* End PBXNativeTarget section */

/* Begin PBXProject section */
		38DF42FD21BB15EC00A57638 /* Project object */ = {
			isa = PBXProject;
			attributes = {
				LastSwiftUpdateCheck = 1010;
				LastUpgradeCheck = 1010;
				ORGANIZATIONNAME = JimBudet;
				TargetAttributes = {
					38DF430421BB15EC00A57638 = {
						CreatedOnToolsVersion = 10.1;
					};
				};
			};
			buildConfigurationList = 38DF430021BB15EC00A57638 /* Build configuration list for PBXProject "AudioKit-Basics-Tutorial" */;
			compatibilityVersion = "Xcode 9.3";
			developmentRegion = en;
			hasScannedForEncodings = 0;
			knownRegions = (
				en,
				Base,
			);
			mainGroup = 38DF42FC21BB15EC00A57638;
			productRefGroup = 38DF430621BB15EC00A57638 /* Products */;
			projectDirPath = "";
			projectRoot = "";
			targets = (
				38DF430421BB15EC00A57638 /* AudioKit-Basics-Tutorial */,
			);
		};
/* End PBXProject section */

/* Begin PBXResourcesBuildPhase section */
		38DF430321BB15EC00A57638 /* Resources */ = {
			isa = PBXResourcesBuildPhase;
			buildActionMask = 2147483647;
			files = (
				38DF431321BB15EE00A57638 /* LaunchScreen.storyboard in Resources */,
				38DF431021BB15EE00A57638 /* Assets.xcassets in Resources */,
				38DF430E21BB15EC00A57638 /* Main.storyboard in Resources */,
			);
			runOnlyForDeploymentPostprocessing = 0;
		};
/* End PBXResourcesBuildPhase section */

/* Begin PBXShellScriptBuildPhase section */
		0CD138408F121FDCE732CFE3 /* [CP] Check Pods Manifest.lock */ = {
			isa = PBXShellScriptBuildPhase;
			buildActionMask = 2147483647;
			files = (
			);
			inputFileListPaths = (
			);
			inputPaths = (
				"${PODS_PODFILE_DIR_PATH}/Podfile.lock",
				"${PODS_ROOT}/Manifest.lock",
			);
			name = "[CP] Check Pods Manifest.lock";
			outputFileListPaths = (
			);
			outputPaths = (
				"$(DERIVED_FILE_DIR)/Pods-AudioKit-Basics-Tutorial-checkManifestLockResult.txt",
			);
			runOnlyForDeploymentPostprocessing = 0;
			shellPath = /bin/sh;
			shellScript = "diff \"${PODS_PODFILE_DIR_PATH}/Podfile.lock\" \"${PODS_ROOT}/Manifest.lock\" > /dev/null\nif [ $? != 0 ] ; then\n    # print error to STDERR\n    echo \"error: The sandbox is not in sync with the Podfile.lock. Run 'pod install' or update your CocoaPods installation.\" >&2\n    exit 1\nfi\n# This output is used by Xcode 'outputs' to avoid re-running this script phase.\necho \"SUCCESS\" > \"${SCRIPT_OUTPUT_FILE_0}\"\n";
			showEnvVarsInLog = 0;
		};
/* End PBXShellScriptBuildPhase section */

/* Begin PBXSourcesBuildPhase section */
		38DF430121BB15EC00A57638 /* Sources */ = {
			isa = PBXSourcesBuildPhase;
			buildActionMask = 2147483647;
			files = (
				38DF430B21BB15EC00A57638 /* ViewController.swift in Sources */,
				38DF430921BB15EC00A57638 /* AppDelegate.swift in Sources */,
			);
			runOnlyForDeploymentPostprocessing = 0;
		};
/* End PBXSourcesBuildPhase section */

/* Begin PBXVariantGroup section */
		38DF430C21BB15EC00A57638 /* Main.storyboard */ = {
			isa = PBXVariantGroup;
			children = (
				38DF430D21BB15EC00A57638 /* Base */,
			);
			name = Main.storyboard;
			sourceTree = "<group>";
		};
		38DF431121BB15EE00A57638 /* LaunchScreen.storyboard */ = {
			isa = PBXVariantGroup;
			children = (
				38DF431221BB15EE00A57638 /* Base */,
			);
			name = LaunchScreen.storyboard;
			sourceTree = "<group>";
		};
/* End PBXVariantGroup section */

/* Begin XCBuildConfiguration section */
		38DF431521BB15EE00A57638 /* Debug */ = {
			isa = XCBuildConfiguration;
			buildSettings = {
				ALWAYS_SEARCH_USER_PATHS = NO;
				CLANG_ANALYZER_NONNULL = YES;
				CLANG_ANALYZER_NUMBER_OBJECT_CONVERSION = YES_AGGRESSIVE;
				CLANG_CXX_LANGUAGE_STANDARD = "gnu++14";
				CLANG_CXX_LIBRARY = "libc++";
				CLANG_ENABLE_MODULES = YES;
				CLANG_ENABLE_OBJC_ARC = YES;
				CLANG_ENABLE_OBJC_WEAK = YES;
				CLANG_WARN_BLOCK_CAPTURE_AUTORELEASING = YES;
				CLANG_WARN_BOOL_CONVERSION = YES;
				CLANG_WARN_COMMA = YES;
				CLANG_WARN_CONSTANT_CONVERSION = YES;
				CLANG_WARN_DEPRECATED_OBJC_IMPLEMENTATIONS = YES;
				CLANG_WARN_DIRECT_OBJC_ISA_USAGE = YES_ERROR;
				CLANG_WARN_DOCUMENTATION_COMMENTS = YES;
				CLANG_WARN_EMPTY_BODY = YES;
				CLANG_WARN_ENUM_CONVERSION = YES;
				CLANG_WARN_INFINITE_RECURSION = YES;
				CLANG_WARN_INT_CONVERSION = YES;
				CLANG_WARN_NON_LITERAL_NULL_CONVERSION = YES;
				CLANG_WARN_OBJC_IMPLICIT_RETAIN_SELF = YES;
				CLANG_WARN_OBJC_LITERAL_CONVERSION = YES;
				CLANG_WARN_OBJC_ROOT_CLASS = YES_ERROR;
				CLANG_WARN_RANGE_LOOP_ANALYSIS = YES;
				CLANG_WARN_STRICT_PROTOTYPES = YES;
				CLANG_WARN_SUSPICIOUS_MOVE = YES;
				CLANG_WARN_UNGUARDED_AVAILABILITY = YES_AGGRESSIVE;
				CLANG_WARN_UNREACHABLE_CODE = YES;
				CLANG_WARN__DUPLICATE_METHOD_MATCH = YES;
				CODE_SIGN_IDENTITY = "iPhone Developer";
				COPY_PHASE_STRIP = NO;
				DEBUG_INFORMATION_FORMAT = dwarf;
				ENABLE_STRICT_OBJC_MSGSEND = YES;
				ENABLE_TESTABILITY = YES;
				GCC_C_LANGUAGE_STANDARD = gnu11;
				GCC_DYNAMIC_NO_PIC = NO;
				GCC_NO_COMMON_BLOCKS = YES;
				GCC_OPTIMIZATION_LEVEL = 0;
				GCC_PREPROCESSOR_DEFINITIONS = (
					"DEBUG=1",
					"$(inherited)",
				);
				GCC_WARN_64_TO_32_BIT_CONVERSION = YES;
				GCC_WARN_ABOUT_RETURN_TYPE = YES_ERROR;
				GCC_WARN_UNDECLARED_SELECTOR = YES;
				GCC_WARN_UNINITIALIZED_AUTOS = YES_AGGRESSIVE;
				GCC_WARN_UNUSED_FUNCTION = YES;
				GCC_WARN_UNUSED_VARIABLE = YES;
				IPHONEOS_DEPLOYMENT_TARGET = 12.1;
				MTL_ENABLE_DEBUG_INFO = INCLUDE_SOURCE;
				MTL_FAST_MATH = YES;
				ONLY_ACTIVE_ARCH = YES;
				SDKROOT = iphoneos;
				SWIFT_ACTIVE_COMPILATION_CONDITIONS = DEBUG;
				SWIFT_OPTIMIZATION_LEVEL = "-Onone";
			};
			name = Debug;
		};
		38DF431621BB15EE00A57638 /* Release */ = {
			isa = XCBuildConfiguration;
			buildSettings = {
				ALWAYS_SEARCH_USER_PATHS = NO;
				CLANG_ANALYZER_NONNULL = YES;
				CLANG_ANALYZER_NUMBER_OBJECT_CONVERSION = YES_AGGRESSIVE;
				CLANG_CXX_LANGUAGE_STANDARD = "gnu++14";
				CLANG_CXX_LIBRARY = "libc++";
				CLANG_ENABLE_MODULES = YES;
				CLANG_ENABLE_OBJC_ARC = YES;
				CLANG_ENABLE_OBJC_WEAK = YES;
				CLANG_WARN_BLOCK_CAPTURE_AUTORELEASING = YES;
				CLANG_WARN_BOOL_CONVERSION = YES;
				CLANG_WARN_COMMA = YES;
				CLANG_WARN_CONSTANT_CONVERSION = YES;
				CLANG_WARN_DEPRECATED_OBJC_IMPLEMENTATIONS = YES;
				CLANG_WARN_DIRECT_OBJC_ISA_USAGE = YES_ERROR;
				CLANG_WARN_DOCUMENTATION_COMMENTS = YES;
				CLANG_WARN_EMPTY_BODY = YES;
				CLANG_WARN_ENUM_CONVERSION = YES;
				CLANG_WARN_INFINITE_RECURSION = YES;
				CLANG_WARN_INT_CONVERSION = YES;
				CLANG_WARN_NON_LITERAL_NULL_CONVERSION = YES;
				CLANG_WARN_OBJC_IMPLICIT_RETAIN_SELF = YES;
				CLANG_WARN_OBJC_LITERAL_CONVERSION = YES;
				CLANG_WARN_OBJC_ROOT_CLASS = YES_ERROR;
				CLANG_WARN_RANGE_LOOP_ANALYSIS = YES;
				CLANG_WARN_STRICT_PROTOTYPES = YES;
				CLANG_WARN_SUSPICIOUS_MOVE = YES;
				CLANG_WARN_UNGUARDED_AVAILABILITY = YES_AGGRESSIVE;
				CLANG_WARN_UNREACHABLE_CODE = YES;
				CLANG_WARN__DUPLICATE_METHOD_MATCH = YES;
				CODE_SIGN_IDENTITY = "iPhone Developer";
				COPY_PHASE_STRIP = NO;
				DEBUG_INFORMATION_FORMAT = "dwarf-with-dsym";
				ENABLE_NS_ASSERTIONS = NO;
				ENABLE_STRICT_OBJC_MSGSEND = YES;
				GCC_C_LANGUAGE_STANDARD = gnu11;
				GCC_NO_COMMON_BLOCKS = YES;
				GCC_WARN_64_TO_32_BIT_CONVERSION = YES;
				GCC_WARN_ABOUT_RETURN_TYPE = YES_ERROR;
				GCC_WARN_UNDECLARED_SELECTOR = YES;
				GCC_WARN_UNINITIALIZED_AUTOS = YES_AGGRESSIVE;
				GCC_WARN_UNUSED_FUNCTION = YES;
				GCC_WARN_UNUSED_VARIABLE = YES;
				IPHONEOS_DEPLOYMENT_TARGET = 12.1;
				MTL_ENABLE_DEBUG_INFO = NO;
				MTL_FAST_MATH = YES;
				SDKROOT = iphoneos;
				SWIFT_COMPILATION_MODE = wholemodule;
				SWIFT_OPTIMIZATION_LEVEL = "-O";
				VALIDATE_PRODUCT = YES;
			};
			name = Release;
		};
		38DF431821BB15EE00A57638 /* Debug */ = {
			isa = XCBuildConfiguration;
			baseConfigurationReference = CB81C377C96698C2B2BB4BA3 /* Pods-AudioKit-Basics-Tutorial.debug.xcconfig */;
			buildSettings = {
				ASSETCATALOG_COMPILER_APPICON_NAME = AppIcon;
				CODE_SIGN_STYLE = Automatic;
				INFOPLIST_FILE = "AudioKit-Basics-Tutorial/Info.plist";
				IPHONEOS_DEPLOYMENT_TARGET = 9.0;
				LD_RUNPATH_SEARCH_PATHS = (
					"$(inherited)",
					"@executable_path/Frameworks",
				);
				PRODUCT_BUNDLE_IDENTIFIER = "jimbudet.tutorial.AudioKit-Basics-Tutorial";
				PRODUCT_NAME = "$(TARGET_NAME)";
				SWIFT_VERSION = 4.2;
				TARGETED_DEVICE_FAMILY = "1,2";
			};
			name = Debug;
		};
		38DF431921BB15EE00A57638 /* Release */ = {
			isa = XCBuildConfiguration;
			baseConfigurationReference = FCE2C1CC1669D4E7D44DEA66 /* Pods-AudioKit-Basics-Tutorial.release.xcconfig */;
			buildSettings = {
				ASSETCATALOG_COMPILER_APPICON_NAME = AppIcon;
				CODE_SIGN_STYLE = Automatic;
				INFOPLIST_FILE = "AudioKit-Basics-Tutorial/Info.plist";
				IPHONEOS_DEPLOYMENT_TARGET = 9.0;
				LD_RUNPATH_SEARCH_PATHS = (
					"$(inherited)",
					"@executable_path/Frameworks",
				);
				PRODUCT_BUNDLE_IDENTIFIER = "jimbudet.tutorial.AudioKit-Basics-Tutorial";
				PRODUCT_NAME = "$(TARGET_NAME)";
				SWIFT_VERSION = 4.2;
				TARGETED_DEVICE_FAMILY = "1,2";
			};
			name = Release;
		};
/* End XCBuildConfiguration section */

/* Begin XCConfigurationList section */
		38DF430021BB15EC00A57638 /* Build configuration list for PBXProject "AudioKit-Basics-Tutorial" */ = {
			isa = XCConfigurationList;
			buildConfigurations = (
				38DF431521BB15EE00A57638 /* Debug */,
				38DF431621BB15EE00A57638 /* Release */,
			);
			defaultConfigurationIsVisible = 0;
			defaultConfigurationName = Release;
		};
		38DF431721BB15EE00A57638 /* Build configuration list for PBXNativeTarget "AudioKit-Basics-Tutorial" */ = {
			isa = XCConfigurationList;
			buildConfigurations = (
				38DF431821BB15EE00A57638 /* Debug */,
				38DF431921BB15EE00A57638 /* Release */,
			);
			defaultConfigurationIsVisible = 0;
			defaultConfigurationName = Release;
		};
/* End XCConfigurationList section */
	};
	rootObject = 38DF42FD21BB15EC00A57638 /* Project object */;
}
